
Microsoft Visual Studio Solution File, Format Version 12.00
# Visual Studio Version 17
VisualStudioVersion = 17.9.34902.65
MinimumVisualStudioVersion = 10.0.40219.1
Project("{FAE04EC0-301F-11D3-BF4B-00C04F79EFBC}") = "FINAP.HRMS.DotNetCore.WebApi", "FINAP.HRMS.DotNetCore.WebApi.csproj", "{8F70825A-495F-48C8-AB3D-E685E96F1FF9}"
EndProject
Global
	GlobalSection(SolutionConfigurationPlatforms) = preSolution
		Debug|Any CPU = Debug|Any CPU
		Release|Any CPU = Release|Any CPU
	EndGlobalSection
	GlobalSection(ProjectConfigurationPlatforms) = postSolution
		{8F70825A-495F-48C8-AB3D-E685E96F1FF9}.Debug|Any CPU.ActiveCfg = Debug|Any CPU
		{8F70825A-495F-48C8-AB3D-E685E96F1FF9}.Debug|Any CPU.Build.0 = Debug|Any CPU
		{8F70825A-495F-48C8-AB3D-E685E96F1FF9}.Release|Any CPU.ActiveCfg = Release|Any CPU
		{8F70825A-495F-48C8-AB3D-E685E96F1FF9}.Release|Any CPU.Build.0 = Release|Any CPU
	EndGlobalSection
	GlobalSection(SolutionProperties) = preSolution
		HideSolutionNode = FALSE
	EndGlobalSection
	GlobalSection(ExtensibilityGlobals) = postSolution
		SolutionGuid = {D91D067E-E8F0-4C6C-978A-F1F0790E2163}
	EndGlobalSection
EndGlobal
